
Microsoft Visual Studio Solution File, Format Version 12.00
# Visual Studio 15
VisualStudioVersion = 15.0.28307.168
MinimumVisualStudioVersion = 10.0.40219.1
Project("{9A19103F-16F7-4668-BE54-9A1E7A4F7556}") = "ExamPlatform", "ExamPlatform\ExamPlatform.csproj", "{FC6EBBAE-58FB-45B3-9B22-3F598855C529}"
EndProject
Project("{9A19103F-16F7-4668-BE54-9A1E7A4F7556}") = "ExamPlatformDataModel", "ExamPlatformDataModel\ExamPlatformDataModel.csproj", "{6FA3DEEF-4F0C-4478-BE80-C289BBFC3498}"
EndProject
Project("{FAE04EC0-301F-11D3-BF4B-00C04F79EFBC}") = "XUnitDatabaseTests", "XUnitDatabaseTests\XUnitDatabaseTests.csproj", "{A4BF2014-48B2-4421-9B7D-31EC36ACAFD0}"
EndProject
Global
	GlobalSection(SolutionConfigurationPlatforms) = preSolution
		Debug|Any CPU = Debug|Any CPU
		Release|Any CPU = Release|Any CPU
	EndGlobalSection
	GlobalSection(ProjectConfigurationPlatforms) = postSolution
		{FC6EBBAE-58FB-45B3-9B22-3F598855C529}.Debug|Any CPU.ActiveCfg = Debug|Any CPU
		{FC6EBBAE-58FB-45B3-9B22-3F598855C529}.Debug|Any CPU.Build.0 = Debug|Any CPU
		{FC6EBBAE-58FB-45B3-9B22-3F598855C529}.Release|Any CPU.ActiveCfg = Release|Any CPU
		{FC6EBBAE-58FB-45B3-9B22-3F598855C529}.Release|Any CPU.Build.0 = Release|Any CPU
		{6FA3DEEF-4F0C-4478-BE80-C289BBFC3498}.Debug|Any CPU.ActiveCfg = Debug|Any CPU
		{6FA3DEEF-4F0C-4478-BE80-C289BBFC3498}.Debug|Any CPU.Build.0 = Debug|Any CPU
		{6FA3DEEF-4F0C-4478-BE80-C289BBFC3498}.Release|Any CPU.ActiveCfg = Release|Any CPU
		{6FA3DEEF-4F0C-4478-BE80-C289BBFC3498}.Release|Any CPU.Build.0 = Release|Any CPU
		{A4BF2014-48B2-4421-9B7D-31EC36ACAFD0}.Debug|Any CPU.ActiveCfg = Debug|Any CPU
		{A4BF2014-48B2-4421-9B7D-31EC36ACAFD0}.Debug|Any CPU.Build.0 = Debug|Any CPU
		{A4BF2014-48B2-4421-9B7D-31EC36ACAFD0}.Release|Any CPU.ActiveCfg = Release|Any CPU
		{A4BF2014-48B2-4421-9B7D-31EC36ACAFD0}.Release|Any CPU.Build.0 = Release|Any CPU
	EndGlobalSection
	GlobalSection(SolutionProperties) = preSolution
		HideSolutionNode = FALSE
	EndGlobalSection
	GlobalSection(ExtensibilityGlobals) = postSolution
		SolutionGuid = {E74F8D88-2E80-4732-B639-2630ED5470BC}
	EndGlobalSection
EndGlobal
